{
  "requires": true,
  "lockfileVersion": 1,
  "dependencies": {
    "image-to-blob": {
      "version": "0.2.0",
      "resolved": "http://registry.npm.taobao.org/image-to-blob/download/image-to-blob-0.2.0.tgz",
      "integrity": "sha1-m1WnzhteeAWw1u2UqRJpBkYSTv8=",
      "requires": {
        "image-to-data-uri": "github:jcblw/image-to-data-uri.js#bcd2218a4fe1531080fd2fdb81e96b0c7d8909a6"
      },
      "dependencies": {
        "image-to-data-uri": {
          "version": "github:jcblw/image-to-data-uri.js#bcd2218a4fe1531080fd2fdb81e96b0c7d8909a6"
        }
      }
    },
    "immediate": {
      "version": "3.0.6",
      "resolved": "http://registry.npm.taobao.org/immediate/download/immediate-3.0.6.tgz",
      "integrity": "sha1-nbHb0Pr43m++D13V5Wu2BigN5ps="
    },
    "lie": {
      "version": "3.1.1",
      "resolved": "http://registry.npm.taobao.org/lie/download/lie-3.1.1.tgz",
      "integrity": "sha1-mkNrLMd0bKWd56QfpGmz77dr2H4=",
      "requires": {
        "immediate": "3.0.6"
      }
    },
    "localforage": {
      "version": "1.7.1",
      "resolved": "http://registry.npm.taobao.org/localforage/download/localforage-1.7.1.tgz",
      "integrity": "sha1-5JJ+BCMCuGTbMPMhHxO1xvDell0=",
      "requires": {
        "lie": "3.1.1"
      }
    }
  }
}
